
Microsoft Visual Studio Solution File, Format Version 12.00
# Visual Studio Version 17
VisualStudioVersion = 17.10.35122.118
MinimumVisualStudioVersion = 10.0.40219.1
Project("{FAE04EC0-301F-11D3-BF4B-00C04F79EFBC}") = "LCHB_BookingsMng", "LCHB_BookingsMng\LCHB_BookingsMng.csproj", "{C2487699-C559-4A79-B2F4-07E46819B372}"
EndProject
Global
	GlobalSection(SolutionConfigurationPlatforms) = preSolution
		Debug|Any CPU = Debug|Any CPU
		Release|Any CPU = Release|Any CPU
	EndGlobalSection
	GlobalSection(ProjectConfigurationPlatforms) = postSolution
		{C2487699-C559-4A79-B2F4-07E46819B372}.Debug|Any CPU.ActiveCfg = Debug|Any CPU
		{C2487699-C559-4A79-B2F4-07E46819B372}.Debug|Any CPU.Build.0 = Debug|Any CPU
		{C2487699-C559-4A79-B2F4-07E46819B372}.Release|Any CPU.ActiveCfg = Release|Any CPU
		{C2487699-C559-4A79-B2F4-07E46819B372}.Release|Any CPU.Build.0 = Release|Any CPU
	EndGlobalSection
	GlobalSection(SolutionProperties) = preSolution
		HideSolutionNode = FALSE
	EndGlobalSection
	GlobalSection(ExtensibilityGlobals) = postSolution
		SolutionGuid = {1E37289A-C593-4739-BBC0-7235E1BCB89C}
	EndGlobalSection
EndGlobal
